
Microsoft Visual Studio Solution File, Format Version 12.00
# Visual Studio Version 16
VisualStudioVersion = 16.0.31019.35
MinimumVisualStudioVersion = 10.0.40219.1
Project("{FAE04EC0-301F-11D3-BF4B-00C04F79EFBC}") = "KiK_SN", "KiK_SN.csproj", "{B86CD7DD-03F6-4C7D-8DA3-FD57E45B3369}"
EndProject
Global
	GlobalSection(SolutionConfigurationPlatforms) = preSolution
		Debug|Any CPU = Debug|Any CPU
		Release|Any CPU = Release|Any CPU
	EndGlobalSection
	GlobalSection(ProjectConfigurationPlatforms) = postSolution
		{B86CD7DD-03F6-4C7D-8DA3-FD57E45B3369}.Debug|Any CPU.ActiveCfg = Debug|Any CPU
		{B86CD7DD-03F6-4C7D-8DA3-FD57E45B3369}.Debug|Any CPU.Build.0 = Debug|Any CPU
		{B86CD7DD-03F6-4C7D-8DA3-FD57E45B3369}.Release|Any CPU.ActiveCfg = Release|Any CPU
		{B86CD7DD-03F6-4C7D-8DA3-FD57E45B3369}.Release|Any CPU.Build.0 = Release|Any CPU
	EndGlobalSection
	GlobalSection(SolutionProperties) = preSolution
		HideSolutionNode = FALSE
	EndGlobalSection
	GlobalSection(ExtensibilityGlobals) = postSolution
		SolutionGuid = {E776B818-4EFA-40D3-88FB-F1FFDDC49720}
	EndGlobalSection
EndGlobal
